
Microsoft Visual Studio Solution File, Format Version 11.00
# Visual Studio 2010
Project("{8BC9CEB8-8B4A-11D0-8D11-00A0C91BC942}") = "SketchAnimation", "SketchAnimation\SketchAnimation.vcxproj", "{35E38CD3-A2AB-4C72-8B7F-9A818AE5115E}"
	ProjectSection(ProjectDependencies) = postProject
		{8EE04342-9A5A-4D81-8D56-D5D7571A1341} = {8EE04342-9A5A-4D81-8D56-D5D7571A1341}
		{0E3081B7-60C1-4F69-98F9-7C31BAB9C69E} = {0E3081B7-60C1-4F69-98F9-7C31BAB9C69E}
	EndProjectSection
EndProject
Project("{8BC9CEB8-8B4A-11D0-8D11-00A0C91BC942}") = "MEMathLib", "SketchAnimation\MEMathLib\MEMathLib.vcxproj", "{8EE04342-9A5A-4D81-8D56-D5D7571A1341}"
EndProject
Project("{8BC9CEB8-8B4A-11D0-8D11-00A0C91BC942}") = "Utils", "SketchAnimation\Utils\Utils.vcxproj", "{0E3081B7-60C1-4F69-98F9-7C31BAB9C69E}"
EndProject
Global
	GlobalSection(SolutionConfigurationPlatforms) = preSolution
		Debug|Win32 = Debug|Win32
		Release|Win32 = Release|Win32
	EndGlobalSection
	GlobalSection(ProjectConfigurationPlatforms) = postSolution
		{35E38CD3-A2AB-4C72-8B7F-9A818AE5115E}.Debug|Win32.ActiveCfg = Debug|Win32
		{35E38CD3-A2AB-4C72-8B7F-9A818AE5115E}.Debug|Win32.Build.0 = Debug|Win32
		{35E38CD3-A2AB-4C72-8B7F-9A818AE5115E}.Release|Win32.ActiveCfg = Release|Win32
		{35E38CD3-A2AB-4C72-8B7F-9A818AE5115E}.Release|Win32.Build.0 = Release|Win32
		{8EE04342-9A5A-4D81-8D56-D5D7571A1341}.Debug|Win32.ActiveCfg = Debug|Win32
		{8EE04342-9A5A-4D81-8D56-D5D7571A1341}.Debug|Win32.Build.0 = Debug|Win32
		{8EE04342-9A5A-4D81-8D56-D5D7571A1341}.Release|Win32.ActiveCfg = Release|Win32
		{8EE04342-9A5A-4D81-8D56-D5D7571A1341}.Release|Win32.Build.0 = Release|Win32
		{0E3081B7-60C1-4F69-98F9-7C31BAB9C69E}.Debug|Win32.ActiveCfg = Debug|Win32
		{0E3081B7-60C1-4F69-98F9-7C31BAB9C69E}.Debug|Win32.Build.0 = Debug|Win32
		{0E3081B7-60C1-4F69-98F9-7C31BAB9C69E}.Release|Win32.ActiveCfg = Release|Win32
		{0E3081B7-60C1-4F69-98F9-7C31BAB9C69E}.Release|Win32.Build.0 = Release|Win32
	EndGlobalSection
	GlobalSection(SolutionProperties) = preSolution
		HideSolutionNode = FALSE
	EndGlobalSection
EndGlobal
